
Microsoft Visual Studio Solution File, Format Version 12.00
# Visual Studio 15
VisualStudioVersion = 15.0.27428.2002
MinimumVisualStudioVersion = 10.0.40219.1
Project("{2150E333-8FDC-42A3-9474-1A3956D46DE8}") = "4. Services", "4. Services", "{C194CD94-C6D0-4C3C-B27F-7EFBC926C3DE}"
EndProject
Project("{2150E333-8FDC-42A3-9474-1A3956D46DE8}") = ".Net Core", ".Net Core", "{95702C75-CE8C-46EA-AE5A-D98DA93B8CC9}"
EndProject
Project("{9A19103F-16F7-4668-BE54-9A1E7A4F7556}") = "NerdyGuy.Services.NetCore.Example", "4. Services\.Net Core\NerdyGuy.Services.NetCore.Example.csproj", "{1042E523-7F2B-4F70-B10E-B109D5F3FDAA}"
EndProject
Project("{2150E333-8FDC-42A3-9474-1A3956D46DE8}") = "NodeJS", "NodeJS", "{75862953-E20F-40EB-8CCC-F1DEC58F7FE9}"
EndProject
Project("{9092AA53-FB77-4645-B42D-1CCCA6BD08BD}") = "NerdyGuy.Services.NodeJS.Example", "4. Services\NodeJS\NerdyGuy.Services.NodeJS.Example.njsproj", "{06EBC842-3F12-46D6-ADF7-AAAD7FCFC335}"
EndProject
Project("{2150E333-8FDC-42A3-9474-1A3956D46DE8}") = "1. Prototypes", "1. Prototypes", "{AD9D91E4-8556-4161-825F-DBB577E1A5CA}"
EndProject
Project("{2150E333-8FDC-42A3-9474-1A3956D46DE8}") = "2. User Presentation", "2. User Presentation", "{5B6CAE8B-F9BC-483C-9E29-3D1798BB2A51}"
EndProject
Project("{2150E333-8FDC-42A3-9474-1A3956D46DE8}") = "3. Security", "3. Security", "{C498EB02-3720-4EC3-87D7-5D231447A4C2}"
EndProject
Project("{2150E333-8FDC-42A3-9474-1A3956D46DE8}") = "5. Business", "5. Business", "{682F5AF9-EE30-4DE5-AC85-D30BB9387459}"
EndProject
Project("{2150E333-8FDC-42A3-9474-1A3956D46DE8}") = "6. Data", "6. Data", "{3BF5D6E7-D392-4260-BF3F-B7E6110FFCCF}"
EndProject
Project("{2150E333-8FDC-42A3-9474-1A3956D46DE8}") = "7. Technical Support", "7. Technical Support", "{444ECDF2-0762-46C8-930C-0CB8F503732E}"
EndProject
Project("{2150E333-8FDC-42A3-9474-1A3956D46DE8}") = "8. Customer Service", "8. Customer Service", "{54F379C3-B2FE-4C9E-8FF1-1C246C70BF52}"
EndProject
Project("{2150E333-8FDC-42A3-9474-1A3956D46DE8}") = "Angular", "Angular", "{5F2615FA-B2E5-4932-B2FE-0325E3EC275E}"
EndProject
Project("{2150E333-8FDC-42A3-9474-1A3956D46DE8}") = "React", "React", "{AB533847-04F0-48B6-A25B-04A91F92E612}"
EndProject
Project("{2150E333-8FDC-42A3-9474-1A3956D46DE8}") = "VueJS", "VueJS", "{6D820100-BB95-4B51-9548-37B8AE3710EB}"
EndProject
Project("{2150E333-8FDC-42A3-9474-1A3956D46DE8}") = ".Net EF Core", ".Net EF Core", "{F055E3E2-4565-4614-949B-7925E9B7B24C}"
EndProject
Project("{FAE04EC0-301F-11D3-BF4B-00C04F79EFBC}") = "NerdyGuy.NetEFCore.Example", "6. Data\.Net EF Core\NerdyGuy.NetEFCore.Example\NerdyGuy.NetEFCore.Example.csproj", "{23328C3A-6DD6-4A3C-B72C-57CD1DAFCEA5}"
EndProject
Global
	GlobalSection(SolutionConfigurationPlatforms) = preSolution
		Debug|Any CPU = Debug|Any CPU
		Release|Any CPU = Release|Any CPU
	EndGlobalSection
	GlobalSection(ProjectConfigurationPlatforms) = postSolution
		{1042E523-7F2B-4F70-B10E-B109D5F3FDAA}.Debug|Any CPU.ActiveCfg = Debug|Any CPU
		{1042E523-7F2B-4F70-B10E-B109D5F3FDAA}.Debug|Any CPU.Build.0 = Debug|Any CPU
		{1042E523-7F2B-4F70-B10E-B109D5F3FDAA}.Release|Any CPU.ActiveCfg = Release|Any CPU
		{1042E523-7F2B-4F70-B10E-B109D5F3FDAA}.Release|Any CPU.Build.0 = Release|Any CPU
		{06EBC842-3F12-46D6-ADF7-AAAD7FCFC335}.Debug|Any CPU.ActiveCfg = Debug|Any CPU
		{06EBC842-3F12-46D6-ADF7-AAAD7FCFC335}.Debug|Any CPU.Build.0 = Debug|Any CPU
		{06EBC842-3F12-46D6-ADF7-AAAD7FCFC335}.Release|Any CPU.ActiveCfg = Release|Any CPU
		{06EBC842-3F12-46D6-ADF7-AAAD7FCFC335}.Release|Any CPU.Build.0 = Release|Any CPU
		{23328C3A-6DD6-4A3C-B72C-57CD1DAFCEA5}.Debug|Any CPU.ActiveCfg = Debug|Any CPU
		{23328C3A-6DD6-4A3C-B72C-57CD1DAFCEA5}.Debug|Any CPU.Build.0 = Debug|Any CPU
		{23328C3A-6DD6-4A3C-B72C-57CD1DAFCEA5}.Release|Any CPU.ActiveCfg = Release|Any CPU
		{23328C3A-6DD6-4A3C-B72C-57CD1DAFCEA5}.Release|Any CPU.Build.0 = Release|Any CPU
	EndGlobalSection
	GlobalSection(SolutionProperties) = preSolution
		HideSolutionNode = FALSE
	EndGlobalSection
	GlobalSection(NestedProjects) = preSolution
		{95702C75-CE8C-46EA-AE5A-D98DA93B8CC9} = {C194CD94-C6D0-4C3C-B27F-7EFBC926C3DE}
		{1042E523-7F2B-4F70-B10E-B109D5F3FDAA} = {95702C75-CE8C-46EA-AE5A-D98DA93B8CC9}
		{75862953-E20F-40EB-8CCC-F1DEC58F7FE9} = {C194CD94-C6D0-4C3C-B27F-7EFBC926C3DE}
		{06EBC842-3F12-46D6-ADF7-AAAD7FCFC335} = {75862953-E20F-40EB-8CCC-F1DEC58F7FE9}
		{5F2615FA-B2E5-4932-B2FE-0325E3EC275E} = {5B6CAE8B-F9BC-483C-9E29-3D1798BB2A51}
		{AB533847-04F0-48B6-A25B-04A91F92E612} = {5B6CAE8B-F9BC-483C-9E29-3D1798BB2A51}
		{6D820100-BB95-4B51-9548-37B8AE3710EB} = {5B6CAE8B-F9BC-483C-9E29-3D1798BB2A51}
		{F055E3E2-4565-4614-949B-7925E9B7B24C} = {3BF5D6E7-D392-4260-BF3F-B7E6110FFCCF}
		{23328C3A-6DD6-4A3C-B72C-57CD1DAFCEA5} = {F055E3E2-4565-4614-949B-7925E9B7B24C}
	EndGlobalSection
	GlobalSection(ExtensibilityGlobals) = postSolution
		SolutionGuid = {E6F68479-726C-4C00-9B2E-01C1976619C1}
	EndGlobalSection
EndGlobal
